// !$*UTF8*$!
{
	archiveVersion = 1;
	classes = {
	};
	objectVersion = 63;
	objects = {

/* Begin PBXBuildFile section */
		B526A2DDE80DAA3C92A87187 /* Pods_OceanPulse.framework in Frameworks */ = {isa = PBXBuildFile; fileRef = 009B40C3FF3DA08986C702EE /* Pods_OceanPulse.framework */; };
		D572FBA02D8B09FB006B87E1 /* AppsFlyerLib in Frameworks */ = {isa = PBXBuildFile; productRef = D572FB9F2D8B09FB006B87E1 /* AppsFlyerLib */; };
		D572FBA32D8B0A0D006B87E1 /* SdkPushExpress in Frameworks */ = {isa = PBXBuildFile; productRef = D572FBA22D8B0A0D006B87E1 /* SdkPushExpress */; };
		D572FBB22D8B0B74006B87E1 /* HelpViewController.swift in Sources */ = {isa = PBXBuildFile; fileRef = D572FBB12D8B0B74006B87E1 /* HelpViewController.swift */; };
		D572FBB52D8B0D07006B87E1 /* FirebaseAnalytics in Frameworks */ = {isa = PBXBuildFile; productRef = D572FBB42D8B0D07006B87E1 /* FirebaseAnalytics */; };
		D572FBB72D8B0D07006B87E1 /* FirebaseAnalyticsOnDeviceConversion in Frameworks */ = {isa = PBXBuildFile; productRef = D572FBB62D8B0D07006B87E1 /* FirebaseAnalyticsOnDeviceConversion */; };
		D572FBB92D8B0D07006B87E1 /* FirebaseAuth in Frameworks */ = {isa = PBXBuildFile; productRef = D572FBB82D8B0D07006B87E1 /* FirebaseAuth */; };
		D572FBBB2D8B0D07006B87E1 /* FirebaseAuthCombine-Community in Frameworks */ = {isa = PBXBuildFile; productRef = D572FBBA2D8B0D07006B87E1 /* FirebaseAuthCombine-Community */; };
		D572FBBD2D8B0D07006B87E1 /* FirebaseCore in Frameworks */ = {isa = PBXBuildFile; productRef = D572FBBC2D8B0D07006B87E1 /* FirebaseCore */; };
		D572FBBF2D8B0D07006B87E1 /* FirebaseFirestore in Frameworks */ = {isa = PBXBuildFile; productRef = D572FBBE2D8B0D07006B87E1 /* FirebaseFirestore */; };
		D572FBC12D8B0D07006B87E1 /* FirebaseFunctions in Frameworks */ = {isa = PBXBuildFile; productRef = D572FBC02D8B0D07006B87E1 /* FirebaseFunctions */; };
		D572FBC32D8B0D07006B87E1 /* FirebaseRemoteConfig in Frameworks */ = {isa = PBXBuildFile; productRef = D572FBC22D8B0D07006B87E1 /* FirebaseRemoteConfig */; };
		D572FBCF2D8B106F006B87E1 /* notificationsvc.appex in Embed Foundation Extensions */ = {isa = PBXBuildFile; fileRef = D572FBC82D8B106F006B87E1 /* notificationsvc.appex */; settings = {ATTRIBUTES = (RemoveHeadersOnCopy, ); }; };
		D572FBD92D8B1079006B87E1 /* NotificationService.swift in Sources */ = {isa = PBXBuildFile; fileRef = D572FBD62D8B1079006B87E1 /* NotificationService.swift */; };
		D572FBDB2D8B10E6006B87E1 /* SdkPushExpress in Frameworks */ = {isa = PBXBuildFile; productRef = D572FBDA2D8B10E6006B87E1 /* SdkPushExpress */; };
		D572FBDE2D8B112C006B87E1 /* AdSupport.framework in Frameworks */ = {isa = PBXBuildFile; fileRef = D572FBDD2D8B112C006B87E1 /* AdSupport.framework */; };
		D572FBE02D8B1159006B87E1 /* PrivacyInfo.xcprivacy in Resources */ = {isa = PBXBuildFile; fileRef = D572FBDF2D8B1159006B87E1 /* PrivacyInfo.xcprivacy */; };
		D57E63492D83327900905232 /* Assets.xcassets in Resources */ = {isa = PBXBuildFile; fileRef = D57E63052D83327900905232 /* Assets.xcassets */; };
		D57E634C2D83327900905232 /* LaunchScreen.storyboard in Resources */ = {isa = PBXBuildFile; fileRef = D57E63092D83327900905232 /* LaunchScreen.storyboard */; };
		D57E634D2D83327900905232 /* Main.storyboard in Resources */ = {isa = PBXBuildFile; fileRef = D57E630B2D83327900905232 /* Main.storyboard */; };
		D57E634E2D83327900905232 /* AppDelegate.swift in Sources */ = {isa = PBXBuildFile; fileRef = D57E630D2D83327900905232 /* AppDelegate.swift */; };
		D57E63502D83327900905232 /* ViewController.swift in Sources */ = {isa = PBXBuildFile; fileRef = D57E630F2D83327900905232 /* ViewController.swift */; };
		D57E63512D83327900905232 /* MainDomainModel.swift in Sources */ = {isa = PBXBuildFile; fileRef = D57E63112D83327900905232 /* MainDomainModel.swift */; };
		D57E63522D83327900905232 /* ModelStorage.swift in Sources */ = {isa = PBXBuildFile; fileRef = D57E63122D83327900905232 /* ModelStorage.swift */; };
		D57E63532D83327900905232 /* User.swift in Sources */ = {isa = PBXBuildFile; fileRef = D57E63132D83327900905232 /* User.swift */; };
		D57E63542D83327900905232 /* AccountScreen.swift in Sources */ = {isa = PBXBuildFile; fileRef = D57E63152D83327900905232 /* AccountScreen.swift */; };
		D57E63552D83327900905232 /* AccountViewModel.swift in Sources */ = {isa = PBXBuildFile; fileRef = D57E63162D83327900905232 /* AccountViewModel.swift */; };
		D57E63562D83327900905232 /* AuthorizationScreen.swift in Sources */ = {isa = PBXBuildFile; fileRef = D57E63182D83327900905232 /* AuthorizationScreen.swift */; };
		D57E63572D83327900905232 /* ExerciseDetailsScreen.swift in Sources */ = {isa = PBXBuildFile; fileRef = D57E631A2D83327900905232 /* ExerciseDetailsScreen.swift */; };
		D57E63582D83327900905232 /* ExerciseDetailsViewModel.swift in Sources */ = {isa = PBXBuildFile; fileRef = D57E631B2D83327900905232 /* ExerciseDetailsViewModel.swift */; };
		D57E63592D83327900905232 /* FillAgeScreen.swift in Sources */ = {isa = PBXBuildFile; fileRef = D57E631D2D83327900905232 /* FillAgeScreen.swift */; };
		D57E635A2D83327900905232 /* FillAgeViewModel.swift in Sources */ = {isa = PBXBuildFile; fileRef = D57E631E2D83327900905232 /* FillAgeViewModel.swift */; };
		D57E635B2D83327900905232 /* FillHeightScreen.swift in Sources */ = {isa = PBXBuildFile; fileRef = D57E63202D83327900905232 /* FillHeightScreen.swift */; };
		D57E635C2D83327900905232 /* FillHeightViewModel.swift in Sources */ = {isa = PBXBuildFile; fileRef = D57E63212D83327900905232 /* FillHeightViewModel.swift */; };
		D57E635D2D83327900905232 /* FillLvlActivityScreen.swift in Sources */ = {isa = PBXBuildFile; fileRef = D57E63232D83327900905232 /* FillLvlActivityScreen.swift */; };
		D57E635E2D83327900905232 /* FillLvlActivityViewModel.swift in Sources */ = {isa = PBXBuildFile; fileRef = D57E63242D83327900905232 /* FillLvlActivityViewModel.swift */; };
		D57E635F2D83327900905232 /* FillSkillScreen.swift in Sources */ = {isa = PBXBuildFile; fileRef = D57E63262D83327900905232 /* FillSkillScreen.swift */; };
		D57E63602D83327900905232 /* FillSkillViewModel.swift in Sources */ = {isa = PBXBuildFile; fileRef = D57E63272D83327900905232 /* FillSkillViewModel.swift */; };
		D57E63612D83327900905232 /* FillWeightScreen.swift in Sources */ = {isa = PBXBuildFile; fileRef = D57E63292D83327900905232 /* FillWeightScreen.swift */; };
		D57E63622D83327900905232 /* FillWeightViewModel.swift in Sources */ = {isa = PBXBuildFile; fileRef = D57E632A2D83327900905232 /* FillWeightViewModel.swift */; };
		D57E63632D83327900905232 /* ItemView.swift in Sources */ = {isa = PBXBuildFile; fileRef = D57E632D2D83327900905232 /* ItemView.swift */; };
		D57E63642D83327900905232 /* ItemViewModel.swift in Sources */ = {isa = PBXBuildFile; fileRef = D57E632E2D83327900905232 /* ItemViewModel.swift */; };
		D57E63652D83327900905232 /* MainScreen.swift in Sources */ = {isa = PBXBuildFile; fileRef = D57E63302D83327900905232 /* MainScreen.swift */; };
		D57E63662D83327900905232 /* MainViewModel.swift in Sources */ = {isa = PBXBuildFile; fileRef = D57E63312D83327900905232 /* MainViewModel.swift */; };
		D57E63672D83327900905232 /* FirstOnboardingScreen.swift in Sources */ = {isa = PBXBuildFile; fileRef = D57E63332D83327900905232 /* FirstOnboardingScreen.swift */; };
		D57E63682D83327900905232 /* FirstOnboardingViewModel.swift in Sources */ = {isa = PBXBuildFile; fileRef = D57E63342D83327900905232 /* FirstOnboardingViewModel.swift */; };
		D57E63692D83327900905232 /* FourthOnboardingScreen.swift in Sources */ = {isa = PBXBuildFile; fileRef = D57E63352D83327900905232 /* FourthOnboardingScreen.swift */; };
		D57E636A2D83327900905232 /* SecondOnboardingScreen.swift in Sources */ = {isa = PBXBuildFile; fileRef = D57E63362D83327900905232 /* SecondOnboardingScreen.swift */; };
		D57E636B2D83327900905232 /* ThirdOnboardingScreen.swift in Sources */ = {isa = PBXBuildFile; fileRef = D57E63372D83327900905232 /* ThirdOnboardingScreen.swift */; };
		D57E636C2D83327900905232 /* RegistrationScreen.swift in Sources */ = {isa = PBXBuildFile; fileRef = D57E63392D83327900905232 /* RegistrationScreen.swift */; };
		D57E636D2D83327900905232 /* RootScreen.swift in Sources */ = {isa = PBXBuildFile; fileRef = D57E633B2D83327900905232 /* RootScreen.swift */; };
		D57E636E2D83327900905232 /* EasyDomainModel.swift in Sources */ = {isa = PBXBuildFile; fileRef = D57E633E2D83327900905232 /* EasyDomainModel.swift */; };
		D57E636F2D83327900905232 /* HardDomainModel.swift in Sources */ = {isa = PBXBuildFile; fileRef = D57E633F2D83327900905232 /* HardDomainModel.swift */; };
		D57E63702D83327900905232 /* MediumDomainModel.swift in Sources */ = {isa = PBXBuildFile; fileRef = D57E63402D83327900905232 /* MediumDomainModel.swift */; };
		D57E63712D83327900905232 /* RealmDomainModel.swift in Sources */ = {isa = PBXBuildFile; fileRef = D57E63422D83327900905232 /* RealmDomainModel.swift */; };
		D57E63722D83327900905232 /* RealmStorage.swift in Sources */ = {isa = PBXBuildFile; fileRef = D57E63432D83327900905232 /* RealmStorage.swift */; };
		D57E63732D83327900905232 /* Auth.swift in Sources */ = {isa = PBXBuildFile; fileRef = D57E63452D83327900905232 /* Auth.swift */; };
		D5D7C58F2D89A8930072B60C /* GoogleService-Info.plist in Resources */ = {isa = PBXBuildFile; fileRef = D5D7C58E2D89A8930072B60C /* GoogleService-Info.plist */; };
		D5E7D0AF2D80CD570082503B /* RealmSwift in Frameworks */ = {isa = PBXBuildFile; productRef = D5E7D0AE2D80CD570082503B /* RealmSwift */; };
		D5E7D0C02D80DA2A0082503B /* RealmSwift in Embed Frameworks */ = {isa = PBXBuildFile; productRef = D5E7D0AE2D80CD570082503B /* RealmSwift */; settings = {ATTRIBUTES = (CodeSignOnCopy, ); }; };
/* End PBXBuildFile section */

/* Begin PBXContainerItemProxy section */
		D572FBCD2D8B106F006B87E1 /* PBXContainerItemProxy */ = {
			isa = PBXContainerItemProxy;
			containerPortal = D5FB6AE02D79C61100F33CEF /* Project object */;
			proxyType = 1;
			remoteGlobalIDString = D572FBC72D8B106F006B87E1;
			remoteInfo = notificationsvc;
		};
/* End PBXContainerItemProxy section */

/* Begin PBXCopyFilesBuildPhase section */
		D572FBD42D8B106F006B87E1 /* Embed Foundation Extensions */ = {
			isa = PBXCopyFilesBuildPhase;
			buildActionMask = 2147483647;
			dstPath = "";
			dstSubfolderSpec = 13;
			files = (
				D572FBCF2D8B106F006B87E1 /* notificationsvc.appex in Embed Foundation Extensions */,
			);
			name = "Embed Foundation Extensions";
			runOnlyForDeploymentPostprocessing = 0;
		};
		D5E7D0C12D80DA2A0082503B /* Embed Frameworks */ = {
			isa = PBXCopyFilesBuildPhase;
			buildActionMask = 2147483647;
			dstPath = "";
			dstSubfolderSpec = 10;
			files = (
				D5E7D0C02D80DA2A0082503B /* RealmSwift in Embed Frameworks */,
			);
			name = "Embed Frameworks";
			runOnlyForDeploymentPostprocessing = 0;
		};
/* End PBXCopyFilesBuildPhase section */

/* Begin PBXFileReference section */
		009B40C3FF3DA08986C702EE /* Pods_OceanPulse.framework */ = {isa = PBXFileReference; explicitFileType = wrapper.framework; includeInIndex = 0; path = Pods_OceanPulse.framework; sourceTree = BUILT_PRODUCTS_DIR; };
		0F9BF3932B496806273E824A /* Pods-SurfSync.debug.xcconfig */ = {isa = PBXFileReference; includeInIndex = 1; lastKnownFileType = text.xcconfig; name = "Pods-SurfSync.debug.xcconfig"; path = "Target Support Files/Pods-SurfSync/Pods-SurfSync.debug.xcconfig"; sourceTree = "<group>"; };
		9B6E5235602D7B8DC52F3A96 /* Pods-OceanPulse.debug.xcconfig */ = {isa = PBXFileReference; includeInIndex = 1; lastKnownFileType = text.xcconfig; name = "Pods-OceanPulse.debug.xcconfig"; path = "Target Support Files/Pods-OceanPulse/Pods-OceanPulse.debug.xcconfig"; sourceTree = "<group>"; };
		D52392A236B44F41F7459E89 /* Pods-SurfSync.release.xcconfig */ = {isa = PBXFileReference; includeInIndex = 1; lastKnownFileType = text.xcconfig; name = "Pods-SurfSync.release.xcconfig"; path = "Target Support Files/Pods-SurfSync/Pods-SurfSync.release.xcconfig"; sourceTree = "<group>"; };
		D572FBB12D8B0B74006B87E1 /* HelpViewController.swift */ = {isa = PBXFileReference; lastKnownFileType = sourcecode.swift; path = HelpViewController.swift; sourceTree = "<group>"; };
		D572FBC82D8B106F006B87E1 /* notificationsvc.appex */ = {isa = PBXFileReference; explicitFileType = "wrapper.app-extension"; includeInIndex = 0; path = notificationsvc.appex; sourceTree = BUILT_PRODUCTS_DIR; };
		D572FBD52D8B1079006B87E1 /* Info.plist */ = {isa = PBXFileReference; lastKnownFileType = text.plist.xml; path = Info.plist; sourceTree = "<group>"; };
		D572FBD62D8B1079006B87E1 /* NotificationService.swift */ = {isa = PBXFileReference; lastKnownFileType = sourcecode.swift; path = NotificationService.swift; sourceTree = "<group>"; };
		D572FBDC2D8B110F006B87E1 /* OceanPulse.entitlements */ = {isa = PBXFileReference; lastKnownFileType = text.plist.entitlements; path = OceanPulse.entitlements; sourceTree = "<group>"; };
		D572FBDD2D8B112C006B87E1 /* AdSupport.framework */ = {isa = PBXFileReference; lastKnownFileType = wrapper.framework; name = AdSupport.framework; path = System/Library/Frameworks/AdSupport.framework; sourceTree = SDKROOT; };
		D572FBDF2D8B1159006B87E1 /* PrivacyInfo.xcprivacy */ = {isa = PBXFileReference; lastKnownFileType = text.xml; path = PrivacyInfo.xcprivacy; sourceTree = "<group>"; };
		D57E63052D83327900905232 /* Assets.xcassets */ = {isa = PBXFileReference; lastKnownFileType = folder.assetcatalog; path = Assets.xcassets; sourceTree = "<group>"; };
		D57E63072D83327900905232 /* Info.plist */ = {isa = PBXFileReference; lastKnownFileType = text.plist.xml; path = Info.plist; sourceTree = "<group>"; };
		D57E63082D83327900905232 /* Base */ = {isa = PBXFileReference; lastKnownFileType = file.storyboard; name = Base; path = Base.lproj/LaunchScreen.storyboard; sourceTree = "<group>"; };
		D57E630A2D83327900905232 /* Base */ = {isa = PBXFileReference; lastKnownFileType = file.storyboard; name = Base; path = Base.lproj/Main.storyboard; sourceTree = "<group>"; };
		D57E630D2D83327900905232 /* AppDelegate.swift */ = {isa = PBXFileReference; lastKnownFileType = sourcecode.swift; path = AppDelegate.swift; sourceTree = "<group>"; };
		D57E630F2D83327900905232 /* ViewController.swift */ = {isa = PBXFileReference; lastKnownFileType = sourcecode.swift; path = ViewController.swift; sourceTree = "<group>"; };
		D57E63112D83327900905232 /* MainDomainModel.swift */ = {isa = PBXFileReference; lastKnownFileType = sourcecode.swift; path = MainDomainModel.swift; sourceTree = "<group>"; };
		D57E63122D83327900905232 /* ModelStorage.swift */ = {isa = PBXFileReference; lastKnownFileType = sourcecode.swift; path = ModelStorage.swift; sourceTree = "<group>"; };
		D57E63132D83327900905232 /* User.swift */ = {isa = PBXFileReference; lastKnownFileType = sourcecode.swift; path = User.swift; sourceTree = "<group>"; };
		D57E63152D83327900905232 /* AccountScreen.swift */ = {isa = PBXFileReference; lastKnownFileType = sourcecode.swift; path = AccountScreen.swift; sourceTree = "<group>"; };
		D57E63162D83327900905232 /* AccountViewModel.swift */ = {isa = PBXFileReference; lastKnownFileType = sourcecode.swift; path = AccountViewModel.swift; sourceTree = "<group>"; };
		D57E63182D83327900905232 /* AuthorizationScreen.swift */ = {isa = PBXFileReference; lastKnownFileType = sourcecode.swift; path = AuthorizationScreen.swift; sourceTree = "<group>"; };
		D57E631A2D83327900905232 /* ExerciseDetailsScreen.swift */ = {isa = PBXFileReference; lastKnownFileType = sourcecode.swift; path = ExerciseDetailsScreen.swift; sourceTree = "<group>"; };
		D57E631B2D83327900905232 /* ExerciseDetailsViewModel.swift */ = {isa = PBXFileReference; lastKnownFileType = sourcecode.swift; path = ExerciseDetailsViewModel.swift; sourceTree = "<group>"; };
		D57E631D2D83327900905232 /* FillAgeScreen.swift */ = {isa = PBXFileReference; lastKnownFileType = sourcecode.swift; path = FillAgeScreen.swift; sourceTree = "<group>"; };
		D57E631E2D83327900905232 /* FillAgeViewModel.swift */ = {isa = PBXFileReference; lastKnownFileType = sourcecode.swift; path = FillAgeViewModel.swift; sourceTree = "<group>"; };
		D57E63202D83327900905232 /* FillHeightScreen.swift */ = {isa = PBXFileReference; lastKnownFileType = sourcecode.swift; path = FillHeightScreen.swift; sourceTree = "<group>"; };
		D57E63212D83327900905232 /* FillHeightViewModel.swift */ = {isa = PBXFileReference; lastKnownFileType = sourcecode.swift; path = FillHeightViewModel.swift; sourceTree = "<group>"; };
		D57E63232D83327900905232 /* FillLvlActivityScreen.swift */ = {isa = PBXFileReference; lastKnownFileType = sourcecode.swift; path = FillLvlActivityScreen.swift; sourceTree = "<group>"; };
		D57E63242D83327900905232 /* FillLvlActivityViewModel.swift */ = {isa = PBXFileReference; lastKnownFileType = sourcecode.swift; path = FillLvlActivityViewModel.swift; sourceTree = "<group>"; };
		D57E63262D83327900905232 /* FillSkillScreen.swift */ = {isa = PBXFileReference; lastKnownFileType = sourcecode.swift; path = FillSkillScreen.swift; sourceTree = "<group>"; };
		D57E63272D83327900905232 /* FillSkillViewModel.swift */ = {isa = PBXFileReference; lastKnownFileType = sourcecode.swift; path = FillSkillViewModel.swift; sourceTree = "<group>"; };
		D57E63292D83327900905232 /* FillWeightScreen.swift */ = {isa = PBXFileReference; lastKnownFileType = sourcecode.swift; path = FillWeightScreen.swift; sourceTree = "<group>"; };
		D57E632A2D83327900905232 /* FillWeightViewModel.swift */ = {isa = PBXFileReference; lastKnownFileType = sourcecode.swift; path = FillWeightViewModel.swift; sourceTree = "<group>"; };
		D57E632D2D83327900905232 /* ItemView.swift */ = {isa = PBXFileReference; lastKnownFileType = sourcecode.swift; path = ItemView.swift; sourceTree = "<group>"; };
		D57E632E2D83327900905232 /* ItemViewModel.swift */ = {isa = PBXFileReference; lastKnownFileType = sourcecode.swift; path = ItemViewModel.swift; sourceTree = "<group>"; };
		D57E63302D83327900905232 /* MainScreen.swift */ = {isa = PBXFileReference; lastKnownFileType = sourcecode.swift; path = MainScreen.swift; sourceTree = "<group>"; };
		D57E63312D83327900905232 /* MainViewModel.swift */ = {isa = PBXFileReference; lastKnownFileType = sourcecode.swift; path = MainViewModel.swift; sourceTree = "<group>"; };
		D57E63332D83327900905232 /* FirstOnboardingScreen.swift */ = {isa = PBXFileReference; lastKnownFileType = sourcecode.swift; path = FirstOnboardingScreen.swift; sourceTree = "<group>"; };
		D57E63342D83327900905232 /* FirstOnboardingViewModel.swift */ = {isa = PBXFileReference; lastKnownFileType = sourcecode.swift; path = FirstOnboardingViewModel.swift; sourceTree = "<group>"; };
		D57E63352D83327900905232 /* FourthOnboardingScreen.swift */ = {isa = PBXFileReference; lastKnownFileType = sourcecode.swift; path = FourthOnboardingScreen.swift; sourceTree = "<group>"; };
		D57E63362D83327900905232 /* SecondOnboardingScreen.swift */ = {isa = PBXFileReference; lastKnownFileType = sourcecode.swift; path = SecondOnboardingScreen.swift; sourceTree = "<group>"; };
		D57E63372D83327900905232 /* ThirdOnboardingScreen.swift */ = {isa = PBXFileReference; lastKnownFileType = sourcecode.swift; path = ThirdOnboardingScreen.swift; sourceTree = "<group>"; };
		D57E63392D83327900905232 /* RegistrationScreen.swift */ = {isa = PBXFileReference; lastKnownFileType = sourcecode.swift; path = RegistrationScreen.swift; sourceTree = "<group>"; };
		D57E633B2D83327900905232 /* RootScreen.swift */ = {isa = PBXFileReference; lastKnownFileType = sourcecode.swift; path = RootScreen.swift; sourceTree = "<group>"; };
		D57E633E2D83327900905232 /* EasyDomainModel.swift */ = {isa = PBXFileReference; lastKnownFileType = sourcecode.swift; path = EasyDomainModel.swift; sourceTree = "<group>"; };
		D57E633F2D83327900905232 /* HardDomainModel.swift */ = {isa = PBXFileReference; lastKnownFileType = sourcecode.swift; path = HardDomainModel.swift; sourceTree = "<group>"; };
		D57E63402D83327900905232 /* MediumDomainModel.swift */ = {isa = PBXFileReference; lastKnownFileType = sourcecode.swift; path = MediumDomainModel.swift; sourceTree = "<group>"; };
		D57E63422D83327900905232 /* RealmDomainModel.swift */ = {isa = PBXFileReference; lastKnownFileType = sourcecode.swift; path = RealmDomainModel.swift; sourceTree = "<group>"; };
		D57E63432D83327900905232 /* RealmStorage.swift */ = {isa = PBXFileReference; lastKnownFileType = sourcecode.swift; path = RealmStorage.swift; sourceTree = "<group>"; };
		D57E63452D83327900905232 /* Auth.swift */ = {isa = PBXFileReference; lastKnownFileType = sourcecode.swift; path = Auth.swift; sourceTree = "<group>"; };
		D5D7C58E2D89A8930072B60C /* GoogleService-Info.plist */ = {isa = PBXFileReference; lastKnownFileType = text.plist.xml; path = "GoogleService-Info.plist"; sourceTree = "<group>"; };
		D5FB6AE82D79C61100F33CEF /* OceanPulse.app */ = {isa = PBXFileReference; explicitFileType = wrapper.application; includeInIndex = 0; path = OceanPulse.app; sourceTree = BUILT_PRODUCTS_DIR; };
		E9252E5EB2C630873CD6052B /* Pods-OceanPulse.release.xcconfig */ = {isa = PBXFileReference; includeInIndex = 1; lastKnownFileType = text.xcconfig; name = "Pods-OceanPulse.release.xcconfig"; path = "Target Support Files/Pods-OceanPulse/Pods-OceanPulse.release.xcconfig"; sourceTree = "<group>"; };
/* End PBXFileReference section */

/* Begin PBXFrameworksBuildPhase section */
		D572FBC52D8B106F006B87E1 /* Frameworks */ = {
			isa = PBXFrameworksBuildPhase;
			buildActionMask = 2147483647;
			files = (
				D572FBDB2D8B10E6006B87E1 /* SdkPushExpress in Frameworks */,
			);
			runOnlyForDeploymentPostprocessing = 0;
		};
		D5FB6AE52D79C61100F33CEF /* Frameworks */ = {
			isa = PBXFrameworksBuildPhase;
			buildActionMask = 2147483647;
			files = (
				D5E7D0AF2D80CD570082503B /* RealmSwift in Frameworks */,
				D572FBB72D8B0D07006B87E1 /* FirebaseAnalyticsOnDeviceConversion in Frameworks */,
				D572FBA32D8B0A0D006B87E1 /* SdkPushExpress in Frameworks */,
				D572FBC32D8B0D07006B87E1 /* FirebaseRemoteConfig in Frameworks */,
				D572FBBF2D8B0D07006B87E1 /* FirebaseFirestore in Frameworks */,
				D572FBA02D8B09FB006B87E1 /* AppsFlyerLib in Frameworks */,
				D572FBDE2D8B112C006B87E1 /* AdSupport.framework in Frameworks */,
				D572FBB52D8B0D07006B87E1 /* FirebaseAnalytics in Frameworks */,
				D572FBB92D8B0D07006B87E1 /* FirebaseAuth in Frameworks */,
				B526A2DDE80DAA3C92A87187 /* Pods_OceanPulse.framework in Frameworks */,
				D572FBBD2D8B0D07006B87E1 /* FirebaseCore in Frameworks */,
				D572FBC12D8B0D07006B87E1 /* FirebaseFunctions in Frameworks */,
				D572FBBB2D8B0D07006B87E1 /* FirebaseAuthCombine-Community in Frameworks */,
			);
			runOnlyForDeploymentPostprocessing = 0;
		};
/* End PBXFrameworksBuildPhase section */

/* Begin PBXGroup section */
		20FF52ACA37520968DD1D2A3 /* Pods */ = {
			isa = PBXGroup;
			children = (
				0F9BF3932B496806273E824A /* Pods-SurfSync.debug.xcconfig */,
				D52392A236B44F41F7459E89 /* Pods-SurfSync.release.xcconfig */,
				9B6E5235602D7B8DC52F3A96 /* Pods-OceanPulse.debug.xcconfig */,
				E9252E5EB2C630873CD6052B /* Pods-OceanPulse.release.xcconfig */,
			);
			path = Pods;
			sourceTree = "<group>";
		};
		D572FBD72D8B1079006B87E1 /* notificationsvc */ = {
			isa = PBXGroup;
			children = (
				D572FBD52D8B1079006B87E1 /* Info.plist */,
				D572FBD62D8B1079006B87E1 /* NotificationService.swift */,
			);
			path = notificationsvc;
			sourceTree = "<group>";
		};
		D57E630C2D83327900905232 /* Resources */ = {
			isa = PBXGroup;
			children = (
				D57E63052D83327900905232 /* Assets.xcassets */,
				D57E63072D83327900905232 /* Info.plist */,
				D57E63092D83327900905232 /* LaunchScreen.storyboard */,
				D57E630B2D83327900905232 /* Main.storyboard */,
				D5D7C58E2D89A8930072B60C /* GoogleService-Info.plist */,
			);
			path = Resources;
			sourceTree = "<group>";
		};
		D57E63102D83327900905232 /* App */ = {
			isa = PBXGroup;
			children = (
				D57E630D2D83327900905232 /* AppDelegate.swift */,
				D57E630F2D83327900905232 /* ViewController.swift */,
				D572FBB12D8B0B74006B87E1 /* HelpViewController.swift */,
			);
			path = App;
			sourceTree = "<group>";
		};
		D57E63142D83327900905232 /* Models */ = {
			isa = PBXGroup;
			children = (
				D57E63112D83327900905232 /* MainDomainModel.swift */,
				D57E63122D83327900905232 /* ModelStorage.swift */,
				D57E63132D83327900905232 /* User.swift */,
			);
			path = Models;
			sourceTree = "<group>";
		};
		D57E63172D83327900905232 /* AccountScreen */ = {
			isa = PBXGroup;
			children = (
				D57E63152D83327900905232 /* AccountScreen.swift */,
				D57E63162D83327900905232 /* AccountViewModel.swift */,
			);
			path = AccountScreen;
			sourceTree = "<group>";
		};
		D57E63192D83327900905232 /* AuthorizationScreen */ = {
			isa = PBXGroup;
			children = (
				D57E63182D83327900905232 /* AuthorizationScreen.swift */,
			);
			path = AuthorizationScreen;
			sourceTree = "<group>";
		};
		D57E631C2D83327900905232 /* ExerciseDetailsScreen */ = {
			isa = PBXGroup;
			children = (
				D57E631A2D83327900905232 /* ExerciseDetailsScreen.swift */,
				D57E631B2D83327900905232 /* ExerciseDetailsViewModel.swift */,
			);
			path = ExerciseDetailsScreen;
			sourceTree = "<group>";
		};
		D57E631F2D83327900905232 /* FillAgeScreen */ = {
			isa = PBXGroup;
			children = (
				D57E631D2D83327900905232 /* FillAgeScreen.swift */,
				D57E631E2D83327900905232 /* FillAgeViewModel.swift */,
			);
			path = FillAgeScreen;
			sourceTree = "<group>";
		};
		D57E63222D83327900905232 /* FillHeightScreen */ = {
			isa = PBXGroup;
			children = (
				D57E63202D83327900905232 /* FillHeightScreen.swift */,
				D57E63212D83327900905232 /* FillHeightViewModel.swift */,
			);
			path = FillHeightScreen;
			sourceTree = "<group>";
		};
		D57E63252D83327900905232 /* FillLvlActivityScreen */ = {
			isa = PBXGroup;
			children = (
				D57E63232D83327900905232 /* FillLvlActivityScreen.swift */,
				D57E63242D83327900905232 /* FillLvlActivityViewModel.swift */,
			);
			path = FillLvlActivityScreen;
			sourceTree = "<group>";
		};
		D57E63282D83327900905232 /* FillSkillScreen */ = {
			isa = PBXGroup;
			children = (
				D57E63262D83327900905232 /* FillSkillScreen.swift */,
				D57E63272D83327900905232 /* FillSkillViewModel.swift */,
			);
			path = FillSkillScreen;
			sourceTree = "<group>";
		};
		D57E632B2D83327900905232 /* FillWeightScreen */ = {
			isa = PBXGroup;
			children = (
				D57E63292D83327900905232 /* FillWeightScreen.swift */,
				D57E632A2D83327900905232 /* FillWeightViewModel.swift */,
			);
			path = FillWeightScreen;
			sourceTree = "<group>";
		};
		D57E632C2D83327900905232 /* FillPofileScreens */ = {
			isa = PBXGroup;
			children = (
				D57E631F2D83327900905232 /* FillAgeScreen */,
				D57E63222D83327900905232 /* FillHeightScreen */,
				D57E63252D83327900905232 /* FillLvlActivityScreen */,
				D57E63282D83327900905232 /* FillSkillScreen */,
				D57E632B2D83327900905232 /* FillWeightScreen */,
			);
			path = FillPofileScreens;
			sourceTree = "<group>";
		};
		D57E632F2D83327900905232 /* ItemView */ = {
			isa = PBXGroup;
			children = (
				D57E632D2D83327900905232 /* ItemView.swift */,
				D57E632E2D83327900905232 /* ItemViewModel.swift */,
			);
			path = ItemView;
			sourceTree = "<group>";
		};
		D57E63322D83327900905232 /* MainScreen */ = {
			isa = PBXGroup;
			children = (
				D57E632F2D83327900905232 /* ItemView */,
				D57E63302D83327900905232 /* MainScreen.swift */,
				D57E63312D83327900905232 /* MainViewModel.swift */,
			);
			path = MainScreen;
			sourceTree = "<group>";
		};
		D57E63382D83327900905232 /* OnboardingsScreen */ = {
			isa = PBXGroup;
			children = (
				D57E63332D83327900905232 /* FirstOnboardingScreen.swift */,
				D57E63342D83327900905232 /* FirstOnboardingViewModel.swift */,
				D57E63352D83327900905232 /* FourthOnboardingScreen.swift */,
				D57E63362D83327900905232 /* SecondOnboardingScreen.swift */,
				D57E63372D83327900905232 /* ThirdOnboardingScreen.swift */,
			);
			path = OnboardingsScreen;
			sourceTree = "<group>";
		};
		D57E633A2D83327900905232 /* RegistrationScreen */ = {
			isa = PBXGroup;
			children = (
				D57E63392D83327900905232 /* RegistrationScreen.swift */,
			);
			path = RegistrationScreen;
			sourceTree = "<group>";
		};
		D57E633C2D83327900905232 /* RootScreen */ = {
			isa = PBXGroup;
			children = (
				D57E633B2D83327900905232 /* RootScreen.swift */,
			);
			path = RootScreen;
			sourceTree = "<group>";
		};
		D57E633D2D83327900905232 /* Modules */ = {
			isa = PBXGroup;
			children = (
				D57E63172D83327900905232 /* AccountScreen */,
				D57E63192D83327900905232 /* AuthorizationScreen */,
				D57E631C2D83327900905232 /* ExerciseDetailsScreen */,
				D57E632C2D83327900905232 /* FillPofileScreens */,
				D57E63322D83327900905232 /* MainScreen */,
				D57E63382D83327900905232 /* OnboardingsScreen */,
				D57E633A2D83327900905232 /* RegistrationScreen */,
				D57E633C2D83327900905232 /* RootScreen */,
			);
			path = Modules;
			sourceTree = "<group>";
		};
		D57E63412D83327900905232 /* Levels */ = {
			isa = PBXGroup;
			children = (
				D57E633E2D83327900905232 /* EasyDomainModel.swift */,
				D57E633F2D83327900905232 /* HardDomainModel.swift */,
				D57E63402D83327900905232 /* MediumDomainModel.swift */,
			);
			path = Levels;
			sourceTree = "<group>";
		};
		D57E63442D83327900905232 /* Storage */ = {
			isa = PBXGroup;
			children = (
				D57E63412D83327900905232 /* Levels */,
				D57E63422D83327900905232 /* RealmDomainModel.swift */,
				D57E63432D83327900905232 /* RealmStorage.swift */,
			);
			path = Storage;
			sourceTree = "<group>";
		};
		D57E63462D83327900905232 /* Utils */ = {
			isa = PBXGroup;
			children = (
				D57E63452D83327900905232 /* Auth.swift */,
			);
			path = Utils;
			sourceTree = "<group>";
		};
		D57E63472D83327900905232 /* Sources */ = {
			isa = PBXGroup;
			children = (
				D57E63102D83327900905232 /* App */,
				D57E63142D83327900905232 /* Models */,
				D57E633D2D83327900905232 /* Modules */,
				D57E63442D83327900905232 /* Storage */,
				D57E63462D83327900905232 /* Utils */,
			);
			path = Sources;
			sourceTree = "<group>";
		};
		D57E63482D83327900905232 /* OceanPulse */ = {
			isa = PBXGroup;
			children = (
				D572FBDC2D8B110F006B87E1 /* OceanPulse.entitlements */,
				D57E630C2D83327900905232 /* Resources */,
				D57E63472D83327900905232 /* Sources */,
			);
			path = OceanPulse;
			sourceTree = "<group>";
		};
		D5FB6ADF2D79C61100F33CEF = {
			isa = PBXGroup;
			children = (
				D572FBDF2D8B1159006B87E1 /* PrivacyInfo.xcprivacy */,
				D57E63482D83327900905232 /* OceanPulse */,
				D572FBD72D8B1079006B87E1 /* notificationsvc */,
				D5FB6AE92D79C61100F33CEF /* Products */,
				20FF52ACA37520968DD1D2A3 /* Pods */,
				D6B2561CC73EA8F49250626F /* Frameworks */,
			);
			sourceTree = "<group>";
		};
		D5FB6AE92D79C61100F33CEF /* Products */ = {
			isa = PBXGroup;
			children = (
				D5FB6AE82D79C61100F33CEF /* OceanPulse.app */,
				D572FBC82D8B106F006B87E1 /* notificationsvc.appex */,
			);
			name = Products;
			sourceTree = "<group>";
		};
		D6B2561CC73EA8F49250626F /* Frameworks */ = {
			isa = PBXGroup;
			children = (
				D572FBDD2D8B112C006B87E1 /* AdSupport.framework */,
				009B40C3FF3DA08986C702EE /* Pods_OceanPulse.framework */,
			);
			name = Frameworks;
			sourceTree = "<group>";
		};
/* End PBXGroup section */

/* Begin PBXNativeTarget section */
		D572FBC72D8B106F006B87E1 /* notificationsvc */ = {
			isa = PBXNativeTarget;
			buildConfigurationList = D572FBD12D8B106F006B87E1 /* Build configuration list for PBXNativeTarget "notificationsvc" */;
			buildPhases = (
				D572FBC42D8B106F006B87E1 /* Sources */,
				D572FBC52D8B106F006B87E1 /* Frameworks */,
				D572FBC62D8B106F006B87E1 /* Resources */,
			);
			buildRules = (
			);
			dependencies = (
			);
			name = notificationsvc;
			packageProductDependencies = (
				D572FBDA2D8B10E6006B87E1 /* SdkPushExpress */,
			);
			productName = notificationsvc;
			productReference = D572FBC82D8B106F006B87E1 /* notificationsvc.appex */;
			productType = "com.apple.product-type.app-extension";
		};
		D5FB6AE72D79C61100F33CEF /* OceanPulse */ = {
			isa = PBXNativeTarget;
			buildConfigurationList = D5FB6AFB2D79C61400F33CEF /* Build configuration list for PBXNativeTarget "OceanPulse" */;
			buildPhases = (
				66CABABE41DFA45021F8AD0F /* [CP] Check Pods Manifest.lock */,
				D5FB6AE42D79C61100F33CEF /* Sources */,
				D5FB6AE52D79C61100F33CEF /* Frameworks */,
				D5FB6AE62D79C61100F33CEF /* Resources */,
				D5E7D0C12D80DA2A0082503B /* Embed Frameworks */,
				D572FBD42D8B106F006B87E1 /* Embed Foundation Extensions */,
			);
			buildRules = (
			);
			dependencies = (
				D572FBCE2D8B106F006B87E1 /* PBXTargetDependency */,
			);
			name = OceanPulse;
			packageProductDependencies = (
				D5E7D0AE2D80CD570082503B /* RealmSwift */,
				D572FB9F2D8B09FB006B87E1 /* AppsFlyerLib */,
				D572FBA22D8B0A0D006B87E1 /* SdkPushExpress */,
				D572FBB42D8B0D07006B87E1 /* FirebaseAnalytics */,
				D572FBB62D8B0D07006B87E1 /* FirebaseAnalyticsOnDeviceConversion */,
				D572FBB82D8B0D07006B87E1 /* FirebaseAuth */,
				D572FBBA2D8B0D07006B87E1 /* FirebaseAuthCombine-Community */,
				D572FBBC2D8B0D07006B87E1 /* FirebaseCore */,
				D572FBBE2D8B0D07006B87E1 /* FirebaseFirestore */,
				D572FBC02D8B0D07006B87E1 /* FirebaseFunctions */,
				D572FBC22D8B0D07006B87E1 /* FirebaseRemoteConfig */,
			);
			productName = Surf;
			productReference = D5FB6AE82D79C61100F33CEF /* OceanPulse.app */;
			productType = "com.apple.product-type.application";
		};
/* End PBXNativeTarget section */

/* Begin PBXProject section */
		D5FB6AE02D79C61100F33CEF /* Project object */ = {
			isa = PBXProject;
			attributes = {
				BuildIndependentTargetsInParallel = 1;
				LastSwiftUpdateCheck = 1600;
				LastUpgradeCheck = 1600;
				TargetAttributes = {
					D572FBC72D8B106F006B87E1 = {
						CreatedOnToolsVersion = 16.0;
					};
					D5FB6AE72D79C61100F33CEF = {
						CreatedOnToolsVersion = 16.0;
					};
				};
			};
			buildConfigurationList = D5FB6AE32D79C61100F33CEF /* Build configuration list for PBXProject "OceanPulse" */;
			compatibilityVersion = "Xcode 15.0";
			developmentRegion = en;
			hasScannedForEncodings = 0;
			knownRegions = (
				en,
				Base,
			);
			mainGroup = D5FB6ADF2D79C61100F33CEF;
			minimizedProjectReferenceProxies = 1;
			packageReferences = (
				D5E7D0AD2D80CD570082503B /* XCRemoteSwiftPackageReference "realm-swift" */,
				D572FB9E2D8B09FB006B87E1 /* XCRemoteSwiftPackageReference "AppsFlyerFramework" */,
				D572FBA12D8B0A0D006B87E1 /* XCRemoteSwiftPackageReference "pushexpress-swift-sdk" */,
				D572FBB32D8B0D07006B87E1 /* XCRemoteSwiftPackageReference "firebase-ios-sdk" */,
			);
			productRefGroup = D5FB6AE92D79C61100F33CEF /* Products */;
			projectDirPath = "";
			projectRoot = "";
			targets = (
				D5FB6AE72D79C61100F33CEF /* OceanPulse */,
				D572FBC72D8B106F006B87E1 /* notificationsvc */,
			);
		};
/* End PBXProject section */

/* Begin PBXResourcesBuildPhase section */
		D572FBC62D8B106F006B87E1 /* Resources */ = {
			isa = PBXResourcesBuildPhase;
			buildActionMask = 2147483647;
			files = (
			);
			runOnlyForDeploymentPostprocessing = 0;
		};
		D5FB6AE62D79C61100F33CEF /* Resources */ = {
			isa = PBXResourcesBuildPhase;
			buildActionMask = 2147483647;
			files = (
				D57E63492D83327900905232 /* Assets.xcassets in Resources */,
				D57E634C2D83327900905232 /* LaunchScreen.storyboard in Resources */,
				D5D7C58F2D89A8930072B60C /* GoogleService-Info.plist in Resources */,
				D572FBE02D8B1159006B87E1 /* PrivacyInfo.xcprivacy in Resources */,
				D57E634D2D83327900905232 /* Main.storyboard in Resources */,
			);
			runOnlyForDeploymentPostprocessing = 0;
		};
/* End PBXResourcesBuildPhase section */

/* Begin PBXShellScriptBuildPhase section */
		66CABABE41DFA45021F8AD0F /* [CP] Check Pods Manifest.lock */ = {
			isa = PBXShellScriptBuildPhase;
			buildActionMask = 2147483647;
			files = (
			);
			inputFileListPaths = (
			);
			inputPaths = (
				"${PODS_PODFILE_DIR_PATH}/Podfile.lock",
				"${PODS_ROOT}/Manifest.lock",
			);
			name = "[CP] Check Pods Manifest.lock";
			outputFileListPaths = (
			);
			outputPaths = (
				"$(DERIVED_FILE_DIR)/Pods-OceanPulse-checkManifestLockResult.txt",
			);
			runOnlyForDeploymentPostprocessing = 0;
			shellPath = /bin/sh;
			shellScript = "diff \"${PODS_PODFILE_DIR_PATH}/Podfile.lock\" \"${PODS_ROOT}/Manifest.lock\" > /dev/null\nif [ $? != 0 ] ; then\n    # print error to STDERR\n    echo \"error: The sandbox is not in sync with the Podfile.lock. Run 'pod install' or update your CocoaPods installation.\" >&2\n    exit 1\nfi\n# This output is used by Xcode 'outputs' to avoid re-running this script phase.\necho \"SUCCESS\" > \"${SCRIPT_OUTPUT_FILE_0}\"\n";
			showEnvVarsInLog = 0;
		};
/* End PBXShellScriptBuildPhase section */

/* Begin PBXSourcesBuildPhase section */
		D572FBC42D8B106F006B87E1 /* Sources */ = {
			isa = PBXSourcesBuildPhase;
			buildActionMask = 2147483647;
			files = (
				D572FBD92D8B1079006B87E1 /* NotificationService.swift in Sources */,
			);
			runOnlyForDeploymentPostprocessing = 0;
		};
		D5FB6AE42D79C61100F33CEF /* Sources */ = {
			isa = PBXSourcesBuildPhase;
			buildActionMask = 2147483647;
			files = (
				D57E634E2D83327900905232 /* AppDelegate.swift in Sources */,
				D57E63502D83327900905232 /* ViewController.swift in Sources */,
				D57E63512D83327900905232 /* MainDomainModel.swift in Sources */,
				D57E63522D83327900905232 /* ModelStorage.swift in Sources */,
				D57E63532D83327900905232 /* User.swift in Sources */,
				D57E63542D83327900905232 /* AccountScreen.swift in Sources */,
				D57E63552D83327900905232 /* AccountViewModel.swift in Sources */,
				D57E63562D83327900905232 /* AuthorizationScreen.swift in Sources */,
				D57E63572D83327900905232 /* ExerciseDetailsScreen.swift in Sources */,
				D57E63582D83327900905232 /* ExerciseDetailsViewModel.swift in Sources */,
				D57E63592D83327900905232 /* FillAgeScreen.swift in Sources */,
				D57E635A2D83327900905232 /* FillAgeViewModel.swift in Sources */,
				D57E635B2D83327900905232 /* FillHeightScreen.swift in Sources */,
				D57E635C2D83327900905232 /* FillHeightViewModel.swift in Sources */,
				D57E635D2D83327900905232 /* FillLvlActivityScreen.swift in Sources */,
				D57E635E2D83327900905232 /* FillLvlActivityViewModel.swift in Sources */,
				D57E635F2D83327900905232 /* FillSkillScreen.swift in Sources */,
				D57E63602D83327900905232 /* FillSkillViewModel.swift in Sources */,
				D57E63612D83327900905232 /* FillWeightScreen.swift in Sources */,
				D57E63622D83327900905232 /* FillWeightViewModel.swift in Sources */,
				D57E63632D83327900905232 /* ItemView.swift in Sources */,
				D57E63642D83327900905232 /* ItemViewModel.swift in Sources */,
				D57E63652D83327900905232 /* MainScreen.swift in Sources */,
				D57E63662D83327900905232 /* MainViewModel.swift in Sources */,
				D57E63672D83327900905232 /* FirstOnboardingScreen.swift in Sources */,
				D57E63682D83327900905232 /* FirstOnboardingViewModel.swift in Sources */,
				D57E63692D83327900905232 /* FourthOnboardingScreen.swift in Sources */,
				D57E636A2D83327900905232 /* SecondOnboardingScreen.swift in Sources */,
				D57E636B2D83327900905232 /* ThirdOnboardingScreen.swift in Sources */,
				D57E636C2D83327900905232 /* RegistrationScreen.swift in Sources */,
				D57E636D2D83327900905232 /* RootScreen.swift in Sources */,
				D572FBB22D8B0B74006B87E1 /* HelpViewController.swift in Sources */,
				D57E636E2D83327900905232 /* EasyDomainModel.swift in Sources */,
				D57E636F2D83327900905232 /* HardDomainModel.swift in Sources */,
				D57E63702D83327900905232 /* MediumDomainModel.swift in Sources */,
				D57E63712D83327900905232 /* RealmDomainModel.swift in Sources */,
				D57E63722D83327900905232 /* RealmStorage.swift in Sources */,
				D57E63732D83327900905232 /* Auth.swift in Sources */,
			);
			runOnlyForDeploymentPostprocessing = 0;
		};
/* End PBXSourcesBuildPhase section */

/* Begin PBXTargetDependency section */
		D572FBCE2D8B106F006B87E1 /* PBXTargetDependency */ = {
			isa = PBXTargetDependency;
			target = D572FBC72D8B106F006B87E1 /* notificationsvc */;
			targetProxy = D572FBCD2D8B106F006B87E1 /* PBXContainerItemProxy */;
		};
/* End PBXTargetDependency section */

/* Begin PBXVariantGroup section */
		D57E63092D83327900905232 /* LaunchScreen.storyboard */ = {
			isa = PBXVariantGroup;
			children = (
				D57E63082D83327900905232 /* Base */,
			);
			name = LaunchScreen.storyboard;
			sourceTree = "<group>";
		};
		D57E630B2D83327900905232 /* Main.storyboard */ = {
			isa = PBXVariantGroup;
			children = (
				D57E630A2D83327900905232 /* Base */,
			);
			name = Main.storyboard;
			sourceTree = "<group>";
		};
/* End PBXVariantGroup section */

/* Begin XCBuildConfiguration section */
		D572FBD22D8B106F006B87E1 /* Debug */ = {
			isa = XCBuildConfiguration;
			buildSettings = {
				CODE_SIGN_IDENTITY = "Apple Distribution";
				CODE_SIGN_STYLE = Manual;
				CURRENT_PROJECT_VERSION = 1;
				DEVELOPMENT_TEAM = "";
				ENABLE_USER_SCRIPT_SANDBOXING = YES;
				GENERATE_INFOPLIST_FILE = YES;
				INFOPLIST_FILE = notificationsvc/Info.plist;
				INFOPLIST_KEY_CFBundleDisplayName = notificationsvc;
				INFOPLIST_KEY_NSHumanReadableCopyright = "";
				IPHONEOS_DEPLOYMENT_TARGET = 16.0;
				LD_RUNPATH_SEARCH_PATHS = (
					"$(inherited)",
					"@executable_path/Frameworks",
					"@executable_path/../../Frameworks",
				);
				MARKETING_VERSION = 1.0;
				PRODUCT_BUNDLE_IDENTIFIER = com.ahmetfaruk.notificationsvc;
				PRODUCT_NAME = "$(TARGET_NAME)";
				PROVISIONING_PROFILE_SPECIFIER = "";
				SKIP_INSTALL = YES;
				SUPPORTED_PLATFORMS = "iphoneos iphonesimulator";
				SUPPORTS_MACCATALYST = NO;
				SUPPORTS_MAC_DESIGNED_FOR_IPHONE_IPAD = NO;
				SUPPORTS_XR_DESIGNED_FOR_IPHONE_IPAD = NO;
				SWIFT_EMIT_LOC_STRINGS = YES;
				SWIFT_VERSION = 5.0;
				TARGETED_DEVICE_FAMILY = 1;
			};
			name = Debug;
		};
		D572FBD32D8B106F006B87E1 /* Release */ = {
			isa = XCBuildConfiguration;
			buildSettings = {
				CODE_SIGN_IDENTITY = "Apple Distribution";
				CODE_SIGN_STYLE = Manual;
				CURRENT_PROJECT_VERSION = 1;
				DEVELOPMENT_TEAM = "";
				ENABLE_USER_SCRIPT_SANDBOXING = YES;
				GENERATE_INFOPLIST_FILE = YES;
				INFOPLIST_FILE = notificationsvc/Info.plist;
				INFOPLIST_KEY_CFBundleDisplayName = notificationsvc;
				INFOPLIST_KEY_NSHumanReadableCopyright = "";
				IPHONEOS_DEPLOYMENT_TARGET = 16.0;
				LD_RUNPATH_SEARCH_PATHS = (
					"$(inherited)",
					"@executable_path/Frameworks",
					"@executable_path/../../Frameworks",
				);
				MARKETING_VERSION = 1.0;
				PRODUCT_BUNDLE_IDENTIFIER = com.ahmetfaruk.notificationsvc;
				PRODUCT_NAME = "$(TARGET_NAME)";
				PROVISIONING_PROFILE_SPECIFIER = "";
				SKIP_INSTALL = YES;
				SUPPORTED_PLATFORMS = "iphoneos iphonesimulator";
				SUPPORTS_MACCATALYST = NO;
				SUPPORTS_MAC_DESIGNED_FOR_IPHONE_IPAD = NO;
				SUPPORTS_XR_DESIGNED_FOR_IPHONE_IPAD = NO;
				SWIFT_EMIT_LOC_STRINGS = YES;
				SWIFT_VERSION = 5.0;
				TARGETED_DEVICE_FAMILY = 1;
			};
			name = Release;
		};
		D5FB6AFC2D79C61400F33CEF /* Debug */ = {
			isa = XCBuildConfiguration;
			baseConfigurationReference = 9B6E5235602D7B8DC52F3A96 /* Pods-OceanPulse.debug.xcconfig */;
			buildSettings = {
				ASSETCATALOG_COMPILER_APPICON_NAME = AppIcon;
				ASSETCATALOG_COMPILER_GLOBAL_ACCENT_COLOR_NAME = AccentColor;
				CODE_SIGN_ENTITLEMENTS = OceanPulse/OceanPulse.entitlements;
				CODE_SIGN_IDENTITY = "Apple Distribution";
				CODE_SIGN_STYLE = Manual;
				CURRENT_PROJECT_VERSION = 1;
				DEVELOPMENT_TEAM = "";
				GENERATE_INFOPLIST_FILE = YES;
				INFOPLIST_FILE = OceanPulse/Resources/Info.plist;
				INFOPLIST_KEY_CFBundleDisplayName = OceanPulse;
				INFOPLIST_KEY_NSCameraUsageDescription = "This app requires access to the camera to take photos and videos.";
				INFOPLIST_KEY_NSUserTrackingUsageDescription = "This identifier will be used to show you personalized ads on the marketplaces.";
				INFOPLIST_KEY_UIApplicationSupportsIndirectInputEvents = YES;
				INFOPLIST_KEY_UILaunchStoryboardName = LaunchScreen;
				INFOPLIST_KEY_UIMainStoryboardFile = Main;
				INFOPLIST_KEY_UISupportedInterfaceOrientations = UIInterfaceOrientationPortrait;
				INFOPLIST_KEY_UISupportedInterfaceOrientations_iPad = "UIInterfaceOrientationLandscapeLeft UIInterfaceOrientationLandscapeRight UIInterfaceOrientationPortrait UIInterfaceOrientationPortraitUpsideDown";
				INFOPLIST_KEY_UIUserInterfaceStyle = Light;
				IPHONEOS_DEPLOYMENT_TARGET = 16.0;
				LD_RUNPATH_SEARCH_PATHS = (
					"$(inherited)",
					"@executable_path/Frameworks",
				);
				MARKETING_VERSION = 1.1;
				OTHER_LDFLAGS = "-ObjC";
				PRODUCT_BUNDLE_IDENTIFIER = com.ahmetfaruk;
				PRODUCT_NAME = "$(TARGET_NAME)";
				PROVISIONING_PROFILE_SPECIFIER = "";
				SUPPORTED_PLATFORMS = "iphoneos iphonesimulator";
				SUPPORTS_MACCATALYST = NO;
				SUPPORTS_MAC_DESIGNED_FOR_IPHONE_IPAD = NO;
				SUPPORTS_XR_DESIGNED_FOR_IPHONE_IPAD = NO;
				SWIFT_EMIT_LOC_STRINGS = YES;
				SWIFT_VERSION = 5.0;
				TARGETED_DEVICE_FAMILY = 1;
			};
			name = Debug;
		};
		D5FB6AFD2D79C61400F33CEF /* Release */ = {
			isa = XCBuildConfiguration;
			baseConfigurationReference = E9252E5EB2C630873CD6052B /* Pods-OceanPulse.release.xcconfig */;
			buildSettings = {
				ASSETCATALOG_COMPILER_APPICON_NAME = AppIcon;
				ASSETCATALOG_COMPILER_GLOBAL_ACCENT_COLOR_NAME = AccentColor;
				CODE_SIGN_ENTITLEMENTS = OceanPulse/OceanPulse.entitlements;
				CODE_SIGN_IDENTITY = "Apple Distribution";
				CODE_SIGN_STYLE = Manual;
				CURRENT_PROJECT_VERSION = 1;
				DEVELOPMENT_TEAM = "";
				GENERATE_INFOPLIST_FILE = YES;
				INFOPLIST_FILE = OceanPulse/Resources/Info.plist;
				INFOPLIST_KEY_CFBundleDisplayName = OceanPulse;
				INFOPLIST_KEY_NSCameraUsageDescription = "This app requires access to the camera to take photos and videos.";
				INFOPLIST_KEY_NSUserTrackingUsageDescription = "This identifier will be used to show you personalized ads on the marketplaces.";
				INFOPLIST_KEY_UIApplicationSupportsIndirectInputEvents = YES;
				INFOPLIST_KEY_UILaunchStoryboardName = LaunchScreen;
				INFOPLIST_KEY_UIMainStoryboardFile = Main;
				INFOPLIST_KEY_UISupportedInterfaceOrientations = UIInterfaceOrientationPortrait;
				INFOPLIST_KEY_UISupportedInterfaceOrientations_iPad = "UIInterfaceOrientationLandscapeLeft UIInterfaceOrientationLandscapeRight UIInterfaceOrientationPortrait UIInterfaceOrientationPortraitUpsideDown";
				INFOPLIST_KEY_UIUserInterfaceStyle = Light;
				IPHONEOS_DEPLOYMENT_TARGET = 16.0;
				LD_RUNPATH_SEARCH_PATHS = (
					"$(inherited)",
					"@executable_path/Frameworks",
				);
				MARKETING_VERSION = 1.1;
				OTHER_LDFLAGS = "-ObjC";
				PRODUCT_BUNDLE_IDENTIFIER = com.ahmetfaruk;
				PRODUCT_NAME = "$(TARGET_NAME)";
				PROVISIONING_PROFILE_SPECIFIER = "";
				SUPPORTED_PLATFORMS = "iphoneos iphonesimulator";
				SUPPORTS_MACCATALYST = NO;
				SUPPORTS_MAC_DESIGNED_FOR_IPHONE_IPAD = NO;
				SUPPORTS_XR_DESIGNED_FOR_IPHONE_IPAD = NO;
				SWIFT_EMIT_LOC_STRINGS = YES;
				SWIFT_VERSION = 5.0;
				TARGETED_DEVICE_FAMILY = 1;
			};
			name = Release;
		};
		D5FB6AFE2D79C61400F33CEF /* Debug */ = {
			isa = XCBuildConfiguration;
			buildSettings = {
				ALWAYS_SEARCH_USER_PATHS = NO;
				ASSETCATALOG_COMPILER_GENERATE_SWIFT_ASSET_SYMBOL_EXTENSIONS = YES;
				CLANG_ANALYZER_NONNULL = YES;
				CLANG_ANALYZER_NUMBER_OBJECT_CONVERSION = YES_AGGRESSIVE;
				CLANG_CXX_LANGUAGE_STANDARD = "gnu++20";
				CLANG_ENABLE_MODULES = YES;
				CLANG_ENABLE_OBJC_ARC = YES;
				CLANG_ENABLE_OBJC_WEAK = YES;
				CLANG_WARN_BLOCK_CAPTURE_AUTORELEASING = YES;
				CLANG_WARN_BOOL_CONVERSION = YES;
				CLANG_WARN_COMMA = YES;
				CLANG_WARN_CONSTANT_CONVERSION = YES;
				CLANG_WARN_DEPRECATED_OBJC_IMPLEMENTATIONS = YES;
				CLANG_WARN_DIRECT_OBJC_ISA_USAGE = YES_ERROR;
				CLANG_WARN_DOCUMENTATION_COMMENTS = YES;
				CLANG_WARN_EMPTY_BODY = YES;
				CLANG_WARN_ENUM_CONVERSION = YES;
				CLANG_WARN_INFINITE_RECURSION = YES;
				CLANG_WARN_INT_CONVERSION = YES;
				CLANG_WARN_NON_LITERAL_NULL_CONVERSION = YES;
				CLANG_WARN_OBJC_IMPLICIT_RETAIN_SELF = YES;
				CLANG_WARN_OBJC_LITERAL_CONVERSION = YES;
				CLANG_WARN_OBJC_ROOT_CLASS = YES_ERROR;
				CLANG_WARN_QUOTED_INCLUDE_IN_FRAMEWORK_HEADER = YES;
				CLANG_WARN_RANGE_LOOP_ANALYSIS = YES;
				CLANG_WARN_STRICT_PROTOTYPES = YES;
				CLANG_WARN_SUSPICIOUS_MOVE = YES;
				CLANG_WARN_UNGUARDED_AVAILABILITY = YES_AGGRESSIVE;
				CLANG_WARN_UNREACHABLE_CODE = YES;
				CLANG_WARN__DUPLICATE_METHOD_MATCH = YES;
				COPY_PHASE_STRIP = NO;
				DEBUG_INFORMATION_FORMAT = dwarf;
				ENABLE_STRICT_OBJC_MSGSEND = YES;
				ENABLE_TESTABILITY = YES;
				ENABLE_USER_SCRIPT_SANDBOXING = NO;
				GCC_C_LANGUAGE_STANDARD = gnu17;
				GCC_DYNAMIC_NO_PIC = NO;
				GCC_NO_COMMON_BLOCKS = YES;
				GCC_OPTIMIZATION_LEVEL = 0;
				GCC_PREPROCESSOR_DEFINITIONS = (
					"DEBUG=1",
					"$(inherited)",
				);
				GCC_WARN_64_TO_32_BIT_CONVERSION = YES;
				GCC_WARN_ABOUT_RETURN_TYPE = YES_ERROR;
				GCC_WARN_UNDECLARED_SELECTOR = YES;
				GCC_WARN_UNINITIALIZED_AUTOS = YES_AGGRESSIVE;
				GCC_WARN_UNUSED_FUNCTION = YES;
				GCC_WARN_UNUSED_VARIABLE = YES;
				IPHONEOS_DEPLOYMENT_TARGET = 18.0;
				LOCALIZATION_PREFERS_STRING_CATALOGS = YES;
				MTL_ENABLE_DEBUG_INFO = INCLUDE_SOURCE;
				MTL_FAST_MATH = YES;
				ONLY_ACTIVE_ARCH = YES;
				SDKROOT = iphoneos;
				SWIFT_ACTIVE_COMPILATION_CONDITIONS = "DEBUG $(inherited)";
				SWIFT_OPTIMIZATION_LEVEL = "-Onone";
			};
			name = Debug;
		};
		D5FB6AFF2D79C61400F33CEF /* Release */ = {
			isa = XCBuildConfiguration;
			buildSettings = {
				ALWAYS_SEARCH_USER_PATHS = NO;
				ASSETCATALOG_COMPILER_GENERATE_SWIFT_ASSET_SYMBOL_EXTENSIONS = YES;
				CLANG_ANALYZER_NONNULL = YES;
				CLANG_ANALYZER_NUMBER_OBJECT_CONVERSION = YES_AGGRESSIVE;
				CLANG_CXX_LANGUAGE_STANDARD = "gnu++20";
				CLANG_ENABLE_MODULES = YES;
				CLANG_ENABLE_OBJC_ARC = YES;
				CLANG_ENABLE_OBJC_WEAK = YES;
				CLANG_WARN_BLOCK_CAPTURE_AUTORELEASING = YES;
				CLANG_WARN_BOOL_CONVERSION = YES;
				CLANG_WARN_COMMA = YES;
				CLANG_WARN_CONSTANT_CONVERSION = YES;
				CLANG_WARN_DEPRECATED_OBJC_IMPLEMENTATIONS = YES;
				CLANG_WARN_DIRECT_OBJC_ISA_USAGE = YES_ERROR;
				CLANG_WARN_DOCUMENTATION_COMMENTS = YES;
				CLANG_WARN_EMPTY_BODY = YES;
				CLANG_WARN_ENUM_CONVERSION = YES;
				CLANG_WARN_INFINITE_RECURSION = YES;
				CLANG_WARN_INT_CONVERSION = YES;
				CLANG_WARN_NON_LITERAL_NULL_CONVERSION = YES;
				CLANG_WARN_OBJC_IMPLICIT_RETAIN_SELF = YES;
				CLANG_WARN_OBJC_LITERAL_CONVERSION = YES;
				CLANG_WARN_OBJC_ROOT_CLASS = YES_ERROR;
				CLANG_WARN_QUOTED_INCLUDE_IN_FRAMEWORK_HEADER = YES;
				CLANG_WARN_RANGE_LOOP_ANALYSIS = YES;
				CLANG_WARN_STRICT_PROTOTYPES = YES;
				CLANG_WARN_SUSPICIOUS_MOVE = YES;
				CLANG_WARN_UNGUARDED_AVAILABILITY = YES_AGGRESSIVE;
				CLANG_WARN_UNREACHABLE_CODE = YES;
				CLANG_WARN__DUPLICATE_METHOD_MATCH = YES;
				COPY_PHASE_STRIP = NO;
				DEBUG_INFORMATION_FORMAT = "dwarf-with-dsym";
				ENABLE_NS_ASSERTIONS = NO;
				ENABLE_STRICT_OBJC_MSGSEND = YES;
				ENABLE_USER_SCRIPT_SANDBOXING = NO;
				GCC_C_LANGUAGE_STANDARD = gnu17;
				GCC_NO_COMMON_BLOCKS = YES;
				GCC_WARN_64_TO_32_BIT_CONVERSION = YES;
				GCC_WARN_ABOUT_RETURN_TYPE = YES_ERROR;
				GCC_WARN_UNDECLARED_SELECTOR = YES;
				GCC_WARN_UNINITIALIZED_AUTOS = YES_AGGRESSIVE;
				GCC_WARN_UNUSED_FUNCTION = YES;
				GCC_WARN_UNUSED_VARIABLE = YES;
				IPHONEOS_DEPLOYMENT_TARGET = 18.0;
				LOCALIZATION_PREFERS_STRING_CATALOGS = YES;
				MTL_ENABLE_DEBUG_INFO = NO;
				MTL_FAST_MATH = YES;
				SDKROOT = iphoneos;
				SWIFT_COMPILATION_MODE = wholemodule;
				VALIDATE_PRODUCT = YES;
			};
			name = Release;
		};
/* End XCBuildConfiguration section */

/* Begin XCConfigurationList section */
		D572FBD12D8B106F006B87E1 /* Build configuration list for PBXNativeTarget "notificationsvc" */ = {
			isa = XCConfigurationList;
			buildConfigurations = (
				D572FBD22D8B106F006B87E1 /* Debug */,
				D572FBD32D8B106F006B87E1 /* Release */,
			);
			defaultConfigurationIsVisible = 0;
			defaultConfigurationName = Release;
		};
		D5FB6AE32D79C61100F33CEF /* Build configuration list for PBXProject "OceanPulse" */ = {
			isa = XCConfigurationList;
			buildConfigurations = (
				D5FB6AFE2D79C61400F33CEF /* Debug */,
				D5FB6AFF2D79C61400F33CEF /* Release */,
			);
			defaultConfigurationIsVisible = 0;
			defaultConfigurationName = Release;
		};
		D5FB6AFB2D79C61400F33CEF /* Build configuration list for PBXNativeTarget "OceanPulse" */ = {
			isa = XCConfigurationList;
			buildConfigurations = (
				D5FB6AFC2D79C61400F33CEF /* Debug */,
				D5FB6AFD2D79C61400F33CEF /* Release */,
			);
			defaultConfigurationIsVisible = 0;
			defaultConfigurationName = Release;
		};
/* End XCConfigurationList section */

/* Begin XCRemoteSwiftPackageReference section */
		D572FB9E2D8B09FB006B87E1 /* XCRemoteSwiftPackageReference "AppsFlyerFramework" */ = {
			isa = XCRemoteSwiftPackageReference;
			repositoryURL = "https://github.com/AppsFlyerSDK/AppsFlyerFramework.git";
			requirement = {
				kind = upToNextMajorVersion;
				minimumVersion = 6.16.2;
			};
		};
		D572FBA12D8B0A0D006B87E1 /* XCRemoteSwiftPackageReference "pushexpress-swift-sdk" */ = {
			isa = XCRemoteSwiftPackageReference;
			repositoryURL = "https://github.com/pushexpress/pushexpress-swift-sdk";
			requirement = {
				branch = main;
				kind = branch;
			};
		};
		D572FBB32D8B0D07006B87E1 /* XCRemoteSwiftPackageReference "firebase-ios-sdk" */ = {
			isa = XCRemoteSwiftPackageReference;
			repositoryURL = "https://github.com/firebase/firebase-ios-sdk.git";
			requirement = {
				kind = upToNextMajorVersion;
				minimumVersion = 11.10.0;
			};
		};
		D5E7D0AD2D80CD570082503B /* XCRemoteSwiftPackageReference "realm-swift" */ = {
			isa = XCRemoteSwiftPackageReference;
			repositoryURL = "https://github.com/realm/realm-swift.git";
			requirement = {
				branch = master;
				kind = branch;
			};
		};
/* End XCRemoteSwiftPackageReference section */

/* Begin XCSwiftPackageProductDependency section */
		D572FB9F2D8B09FB006B87E1 /* AppsFlyerLib */ = {
			isa = XCSwiftPackageProductDependency;
			package = D572FB9E2D8B09FB006B87E1 /* XCRemoteSwiftPackageReference "AppsFlyerFramework" */;
			productName = AppsFlyerLib;
		};
		D572FBA22D8B0A0D006B87E1 /* SdkPushExpress */ = {
			isa = XCSwiftPackageProductDependency;
			package = D572FBA12D8B0A0D006B87E1 /* XCRemoteSwiftPackageReference "pushexpress-swift-sdk" */;
			productName = SdkPushExpress;
		};
		D572FBB42D8B0D07006B87E1 /* FirebaseAnalytics */ = {
			isa = XCSwiftPackageProductDependency;
			package = D572FBB32D8B0D07006B87E1 /* XCRemoteSwiftPackageReference "firebase-ios-sdk" */;
			productName = FirebaseAnalytics;
		};
		D572FBB62D8B0D07006B87E1 /* FirebaseAnalyticsOnDeviceConversion */ = {
			isa = XCSwiftPackageProductDependency;
			package = D572FBB32D8B0D07006B87E1 /* XCRemoteSwiftPackageReference "firebase-ios-sdk" */;
			productName = FirebaseAnalyticsOnDeviceConversion;
		};
		D572FBB82D8B0D07006B87E1 /* FirebaseAuth */ = {
			isa = XCSwiftPackageProductDependency;
			package = D572FBB32D8B0D07006B87E1 /* XCRemoteSwiftPackageReference "firebase-ios-sdk" */;
			productName = FirebaseAuth;
		};
		D572FBBA2D8B0D07006B87E1 /* FirebaseAuthCombine-Community */ = {
			isa = XCSwiftPackageProductDependency;
			package = D572FBB32D8B0D07006B87E1 /* XCRemoteSwiftPackageReference "firebase-ios-sdk" */;
			productName = "FirebaseAuthCombine-Community";
		};
		D572FBBC2D8B0D07006B87E1 /* FirebaseCore */ = {
			isa = XCSwiftPackageProductDependency;
			package = D572FBB32D8B0D07006B87E1 /* XCRemoteSwiftPackageReference "firebase-ios-sdk" */;
			productName = FirebaseCore;
		};
		D572FBBE2D8B0D07006B87E1 /* FirebaseFirestore */ = {
			isa = XCSwiftPackageProductDependency;
			package = D572FBB32D8B0D07006B87E1 /* XCRemoteSwiftPackageReference "firebase-ios-sdk" */;
			productName = FirebaseFirestore;
		};
		D572FBC02D8B0D07006B87E1 /* FirebaseFunctions */ = {
			isa = XCSwiftPackageProductDependency;
			package = D572FBB32D8B0D07006B87E1 /* XCRemoteSwiftPackageReference "firebase-ios-sdk" */;
			productName = FirebaseFunctions;
		};
		D572FBC22D8B0D07006B87E1 /* FirebaseRemoteConfig */ = {
			isa = XCSwiftPackageProductDependency;
			package = D572FBB32D8B0D07006B87E1 /* XCRemoteSwiftPackageReference "firebase-ios-sdk" */;
			productName = FirebaseRemoteConfig;
		};
		D572FBDA2D8B10E6006B87E1 /* SdkPushExpress */ = {
			isa = XCSwiftPackageProductDependency;
			package = D572FBA12D8B0A0D006B87E1 /* XCRemoteSwiftPackageReference "pushexpress-swift-sdk" */;
			productName = SdkPushExpress;
		};
		D5E7D0AE2D80CD570082503B /* RealmSwift */ = {
			isa = XCSwiftPackageProductDependency;
			package = D5E7D0AD2D80CD570082503B /* XCRemoteSwiftPackageReference "realm-swift" */;
			productName = RealmSwift;
		};
/* End XCSwiftPackageProductDependency section */
	};
	rootObject = D5FB6AE02D79C61100F33CEF /* Project object */;
}
